# THIS IS AN AUTOGENERATED FILE. DO NOT EDIT THIS FILE DIRECTLY.
# yarn lockfile v1


format-string@^1.0.0:
  version "1.0.0"
  resolved "https://registry.yarnpkg.com/format-string/-/format-string-1.0.0.tgz#104e9e3d6ce4a56ed368ea43337ead4c621d4d93"
  dependencies:
    minimist "~0.2.0"
    moment "~2.7.0"

minimist@~0.2.0:
  version "0.2.0"
  resolved "https://registry.yarnpkg.com/minimist/-/minimist-0.2.0.tgz#4dffe525dae2b864c66c2e23c6271d7afdecefce"

moment@~2.7.0:
  version "2.7.0"
  resolved "https://registry.yarnpkg.com/moment/-/moment-2.7.0.tgz#359a19ec634cda3c706c8709adda54c0329aaec4"
